
Microsoft Visual Studio Solution File, Format Version 11.00
# Visual Studio 2010
Project("{FAE04EC0-301F-11D3-BF4B-00C04F79EFBC}") = "CSCE431Project1", "CSCE431Project1\CSCE431Project1.csproj", "{27017D9D-9698-472C-B288-1E2F375D1BEE}"
EndProject
Global
	GlobalSection(SolutionConfigurationPlatforms) = preSolution
		Debug|Any CPU = Debug|Any CPU
		Release|Any CPU = Release|Any CPU
	EndGlobalSection
	GlobalSection(ProjectConfigurationPlatforms) = postSolution
		{27017D9D-9698-472C-B288-1E2F375D1BEE}.Debug|Any CPU.ActiveCfg = Debug|Any CPU
		{27017D9D-9698-472C-B288-1E2F375D1BEE}.Debug|Any CPU.Build.0 = Debug|Any CPU
		{27017D9D-9698-472C-B288-1E2F375D1BEE}.Release|Any CPU.ActiveCfg = Release|Any CPU
		{27017D9D-9698-472C-B288-1E2F375D1BEE}.Release|Any CPU.Build.0 = Release|Any CPU
	EndGlobalSection
	GlobalSection(SolutionProperties) = preSolution
		HideSolutionNode = FALSE
	EndGlobalSection
EndGlobal
